
Microsoft Visual Studio Solution File, Format Version 12.00
# Visual Studio 15
VisualStudioVersion = 15.0.27703.2026
MinimumVisualStudioVersion = 10.0.40219.1
Project("{FAE04EC0-301F-11D3-BF4B-00C04F79EFBC}") = "AppTest", "AppTest\AppTest.csproj", "{A750BD76-9CB3-4F1C-894F-14D0D4E8BE48}"
EndProject
Project("{FAE04EC0-301F-11D3-BF4B-00C04F79EFBC}") = "PuzzleShop.Shared", "..\..\PuzzleShop.Shared\PuzzleShop.Shared.csproj", "{C515ADB0-7AAD-4004-800D-65F89218C280}"
EndProject
Global
	GlobalSection(SolutionConfigurationPlatforms) = preSolution
		Debug|Any CPU = Debug|Any CPU
		Release|Any CPU = Release|Any CPU
	EndGlobalSection
	GlobalSection(ProjectConfigurationPlatforms) = postSolution
		{A750BD76-9CB3-4F1C-894F-14D0D4E8BE48}.Debug|Any CPU.ActiveCfg = Debug|Any CPU
		{A750BD76-9CB3-4F1C-894F-14D0D4E8BE48}.Debug|Any CPU.Build.0 = Debug|Any CPU
		{A750BD76-9CB3-4F1C-894F-14D0D4E8BE48}.Release|Any CPU.ActiveCfg = Release|Any CPU
		{A750BD76-9CB3-4F1C-894F-14D0D4E8BE48}.Release|Any CPU.Build.0 = Release|Any CPU
		{C515ADB0-7AAD-4004-800D-65F89218C280}.Debug|Any CPU.ActiveCfg = Debug|Any CPU
		{C515ADB0-7AAD-4004-800D-65F89218C280}.Debug|Any CPU.Build.0 = Debug|Any CPU
		{C515ADB0-7AAD-4004-800D-65F89218C280}.Release|Any CPU.ActiveCfg = Release|Any CPU
		{C515ADB0-7AAD-4004-800D-65F89218C280}.Release|Any CPU.Build.0 = Release|Any CPU
	EndGlobalSection
	GlobalSection(SolutionProperties) = preSolution
		HideSolutionNode = FALSE
	EndGlobalSection
	GlobalSection(ExtensibilityGlobals) = postSolution
		SolutionGuid = {4BC71048-1D61-4460-A973-E825BAEA5B73}
	EndGlobalSection
EndGlobal
